
Microsoft Visual Studio Solution File, Format Version 12.00
# Visual Studio Version 17
VisualStudioVersion = 17.0.31903.59
MinimumVisualStudioVersion = 10.0.40219.1
Project("{2150E333-8FDC-42A3-9474-1A3956D46DE8}") = "src", "src", "{827E0CD3-B72D-47B6-A68D-7590B98EB39B}"
EndProject
Project("{FAE04EC0-301F-11D3-BF4B-00C04F79EFBC}") = "Domain", "src\Domain\Domain.csproj", "{4FF69726-6B32-48AF-9F38-6C16BDD86220}"
EndProject
Project("{FAE04EC0-301F-11D3-BF4B-00C04F79EFBC}") = "Application", "src\Application\Application.csproj", "{3B44B351-8611-44B3-8455-80AE25652A4A}"
EndProject
Project("{FAE04EC0-301F-11D3-BF4B-00C04F79EFBC}") = "Infrastructure", "src\Infrastructure\Infrastructure.csproj", "{0C9C9915-E5ED-4840-89E9-BC746276042B}"
EndProject
Project("{FAE04EC0-301F-11D3-BF4B-00C04F79EFBC}") = "Api", "src\Api\Api.csproj", "{4ED33612-550B-4B85-BD31-9E865D046FEA}"
EndProject
Project("{FAE04EC0-301F-11D3-BF4B-00C04F79EFBC}") = "WebUI", "src\WebUI\WebUI.csproj", "{4BA1A367-DD48-44D0-BAA2-2D084B9FDA68}"
EndProject
Global
	GlobalSection(SolutionConfigurationPlatforms) = preSolution
		Debug|Any CPU = Debug|Any CPU
		Debug|x64 = Debug|x64
		Debug|x86 = Debug|x86
		Release|Any CPU = Release|Any CPU
		Release|x64 = Release|x64
		Release|x86 = Release|x86
	EndGlobalSection
	GlobalSection(ProjectConfigurationPlatforms) = postSolution
		{4FF69726-6B32-48AF-9F38-6C16BDD86220}.Debug|Any CPU.ActiveCfg = Debug|Any CPU
		{4FF69726-6B32-48AF-9F38-6C16BDD86220}.Debug|Any CPU.Build.0 = Debug|Any CPU
		{4FF69726-6B32-48AF-9F38-6C16BDD86220}.Debug|x64.ActiveCfg = Debug|Any CPU
		{4FF69726-6B32-48AF-9F38-6C16BDD86220}.Debug|x64.Build.0 = Debug|Any CPU
		{4FF69726-6B32-48AF-9F38-6C16BDD86220}.Debug|x86.ActiveCfg = Debug|Any CPU
		{4FF69726-6B32-48AF-9F38-6C16BDD86220}.Debug|x86.Build.0 = Debug|Any CPU
		{4FF69726-6B32-48AF-9F38-6C16BDD86220}.Release|Any CPU.ActiveCfg = Release|Any CPU
		{4FF69726-6B32-48AF-9F38-6C16BDD86220}.Release|Any CPU.Build.0 = Release|Any CPU
		{4FF69726-6B32-48AF-9F38-6C16BDD86220}.Release|x64.ActiveCfg = Release|Any CPU
		{4FF69726-6B32-48AF-9F38-6C16BDD86220}.Release|x64.Build.0 = Release|Any CPU
		{4FF69726-6B32-48AF-9F38-6C16BDD86220}.Release|x86.ActiveCfg = Release|Any CPU
		{4FF69726-6B32-48AF-9F38-6C16BDD86220}.Release|x86.Build.0 = Release|Any CPU
		{3B44B351-8611-44B3-8455-80AE25652A4A}.Debug|Any CPU.ActiveCfg = Debug|Any CPU
		{3B44B351-8611-44B3-8455-80AE25652A4A}.Debug|Any CPU.Build.0 = Debug|Any CPU
		{3B44B351-8611-44B3-8455-80AE25652A4A}.Debug|x64.ActiveCfg = Debug|Any CPU
		{3B44B351-8611-44B3-8455-80AE25652A4A}.Debug|x64.Build.0 = Debug|Any CPU
		{3B44B351-8611-44B3-8455-80AE25652A4A}.Debug|x86.ActiveCfg = Debug|Any CPU
		{3B44B351-8611-44B3-8455-80AE25652A4A}.Debug|x86.Build.0 = Debug|Any CPU
		{3B44B351-8611-44B3-8455-80AE25652A4A}.Release|Any CPU.ActiveCfg = Release|Any CPU
		{3B44B351-8611-44B3-8455-80AE25652A4A}.Release|Any CPU.Build.0 = Release|Any CPU
		{3B44B351-8611-44B3-8455-80AE25652A4A}.Release|x64.ActiveCfg = Release|Any CPU
		{3B44B351-8611-44B3-8455-80AE25652A4A}.Release|x64.Build.0 = Release|Any CPU
		{3B44B351-8611-44B3-8455-80AE25652A4A}.Release|x86.ActiveCfg = Release|Any CPU
		{3B44B351-8611-44B3-8455-80AE25652A4A}.Release|x86.Build.0 = Release|Any CPU
		{0C9C9915-E5ED-4840-89E9-BC746276042B}.Debug|Any CPU.ActiveCfg = Debug|Any CPU
		{0C9C9915-E5ED-4840-89E9-BC746276042B}.Debug|Any CPU.Build.0 = Debug|Any CPU
		{0C9C9915-E5ED-4840-89E9-BC746276042B}.Debug|x64.ActiveCfg = Debug|Any CPU
		{0C9C9915-E5ED-4840-89E9-BC746276042B}.Debug|x64.Build.0 = Debug|Any CPU
		{0C9C9915-E5ED-4840-89E9-BC746276042B}.Debug|x86.ActiveCfg = Debug|Any CPU
		{0C9C9915-E5ED-4840-89E9-BC746276042B}.Debug|x86.Build.0 = Debug|Any CPU
		{0C9C9915-E5ED-4840-89E9-BC746276042B}.Release|Any CPU.ActiveCfg = Release|Any CPU
		{0C9C9915-E5ED-4840-89E9-BC746276042B}.Release|Any CPU.Build.0 = Release|Any CPU
		{0C9C9915-E5ED-4840-89E9-BC746276042B}.Release|x64.ActiveCfg = Release|Any CPU
		{0C9C9915-E5ED-4840-89E9-BC746276042B}.Release|x64.Build.0 = Release|Any CPU
		{0C9C9915-E5ED-4840-89E9-BC746276042B}.Release|x86.ActiveCfg = Release|Any CPU
		{0C9C9915-E5ED-4840-89E9-BC746276042B}.Release|x86.Build.0 = Release|Any CPU
		{4ED33612-550B-4B85-BD31-9E865D046FEA}.Debug|Any CPU.ActiveCfg = Debug|Any CPU
		{4ED33612-550B-4B85-BD31-9E865D046FEA}.Debug|Any CPU.Build.0 = Debug|Any CPU
		{4ED33612-550B-4B85-BD31-9E865D046FEA}.Debug|x64.ActiveCfg = Debug|Any CPU
		{4ED33612-550B-4B85-BD31-9E865D046FEA}.Debug|x64.Build.0 = Debug|Any CPU
		{4ED33612-550B-4B85-BD31-9E865D046FEA}.Debug|x86.ActiveCfg = Debug|Any CPU
		{4ED33612-550B-4B85-BD31-9E865D046FEA}.Debug|x86.Build.0 = Debug|Any CPU
		{4ED33612-550B-4B85-BD31-9E865D046FEA}.Release|Any CPU.ActiveCfg = Release|Any CPU
		{4ED33612-550B-4B85-BD31-9E865D046FEA}.Release|Any CPU.Build.0 = Release|Any CPU
		{4ED33612-550B-4B85-BD31-9E865D046FEA}.Release|x64.ActiveCfg = Release|Any CPU
		{4ED33612-550B-4B85-BD31-9E865D046FEA}.Release|x64.Build.0 = Release|Any CPU
		{4ED33612-550B-4B85-BD31-9E865D046FEA}.Release|x86.ActiveCfg = Release|Any CPU
		{4ED33612-550B-4B85-BD31-9E865D046FEA}.Release|x86.Build.0 = Release|Any CPU
		{4BA1A367-DD48-44D0-BAA2-2D084B9FDA68}.Debug|Any CPU.ActiveCfg = Debug|Any CPU
		{4BA1A367-DD48-44D0-BAA2-2D084B9FDA68}.Debug|Any CPU.Build.0 = Debug|Any CPU
		{4BA1A367-DD48-44D0-BAA2-2D084B9FDA68}.Debug|x64.ActiveCfg = Debug|Any CPU
		{4BA1A367-DD48-44D0-BAA2-2D084B9FDA68}.Debug|x64.Build.0 = Debug|Any CPU
		{4BA1A367-DD48-44D0-BAA2-2D084B9FDA68}.Debug|x86.ActiveCfg = Debug|Any CPU
		{4BA1A367-DD48-44D0-BAA2-2D084B9FDA68}.Debug|x86.Build.0 = Debug|Any CPU
		{4BA1A367-DD48-44D0-BAA2-2D084B9FDA68}.Release|Any CPU.ActiveCfg = Release|Any CPU
		{4BA1A367-DD48-44D0-BAA2-2D084B9FDA68}.Release|Any CPU.Build.0 = Release|Any CPU
		{4BA1A367-DD48-44D0-BAA2-2D084B9FDA68}.Release|x64.ActiveCfg = Release|Any CPU
		{4BA1A367-DD48-44D0-BAA2-2D084B9FDA68}.Release|x64.Build.0 = Release|Any CPU
		{4BA1A367-DD48-44D0-BAA2-2D084B9FDA68}.Release|x86.ActiveCfg = Release|Any CPU
		{4BA1A367-DD48-44D0-BAA2-2D084B9FDA68}.Release|x86.Build.0 = Release|Any CPU
	EndGlobalSection
	GlobalSection(SolutionProperties) = preSolution
		HideSolutionNode = FALSE
	EndGlobalSection
	GlobalSection(NestedProjects) = preSolution
		{4FF69726-6B32-48AF-9F38-6C16BDD86220} = {827E0CD3-B72D-47B6-A68D-7590B98EB39B}
		{3B44B351-8611-44B3-8455-80AE25652A4A} = {827E0CD3-B72D-47B6-A68D-7590B98EB39B}
		{0C9C9915-E5ED-4840-89E9-BC746276042B} = {827E0CD3-B72D-47B6-A68D-7590B98EB39B}
		{4ED33612-550B-4B85-BD31-9E865D046FEA} = {827E0CD3-B72D-47B6-A68D-7590B98EB39B}
		{4BA1A367-DD48-44D0-BAA2-2D084B9FDA68} = {827E0CD3-B72D-47B6-A68D-7590B98EB39B}
	EndGlobalSection
	GlobalSection(ExtensibilityGlobals) = postSolution
		SolutionGuid = {B6B92B39-8B0A-4723-A45C-1358B2A8E3FE}
	EndGlobalSection
EndGlobal
